// !$*UTF8*$!
{
	archiveVersion = 1;
	classes = {
	};
	objectVersion = 46;
	objects = {

/* Begin PBXBuildFile section */
		07C5BFDF154652EF0018C348 /* main.m in Sources */ = {isa = PBXBuildFile; fileRef = 07D974DD1544F878005B4023 /* main.m */; };
		07C5C007154652F10018C348 /* main.m in Sources */ = {isa = PBXBuildFile; fileRef = 07D974DD1544F878005B4023 /* main.m */; };
		07D974DE1544F878005B4023 /* main.m in Sources */ = {isa = PBXBuildFile; fileRef = 07D974DD1544F878005B4023 /* main.m */; };
		2719737119AFBBB500F12FCF /* AppDelegate.m in Sources */ = {isa = PBXBuildFile; fileRef = 2719736D19AFBBB500F12FCF /* AppDelegate.m */; };
		2719737219AFBBB500F12FCF /* AppDelegate.m in Sources */ = {isa = PBXBuildFile; fileRef = 2719736D19AFBBB500F12FCF /* AppDelegate.m */; };
		2719737319AFBBB500F12FCF /* AppDelegate.m in Sources */ = {isa = PBXBuildFile; fileRef = 2719736D19AFBBB500F12FCF /* AppDelegate.m */; };
		2719737419AFBBB500F12FCF /* FDRootViewController.m in Sources */ = {isa = PBXBuildFile; fileRef = 2719737019AFBBB500F12FCF /* FDRootViewController.m */; };
		2719737519AFBBB500F12FCF /* FDRootViewController.m in Sources */ = {isa = PBXBuildFile; fileRef = 2719737019AFBBB500F12FCF /* FDRootViewController.m */; };
		2719737619AFBBB500F12FCF /* FDRootViewController.m in Sources */ = {isa = PBXBuildFile; fileRef = 2719737019AFBBB500F12FCF /* FDRootViewController.m */; };
		2719737919AFBBC200F12FCF /* Images.xcassets in Resources */ = {isa = PBXBuildFile; fileRef = 2719737819AFBBC200F12FCF /* Images.xcassets */; };
		2719737A19AFBBC200F12FCF /* Images.xcassets in Resources */ = {isa = PBXBuildFile; fileRef = 2719737819AFBBC200F12FCF /* Images.xcassets */; };
		2719737B19AFBBC200F12FCF /* Images.xcassets in Resources */ = {isa = PBXBuildFile; fileRef = 2719737819AFBBC200F12FCF /* Images.xcassets */; };
		2719738119AFBC5000F12FCF /* Images.xcassets in Resources */ = {isa = PBXBuildFile; fileRef = 2719737D19AFBC5000F12FCF /* Images.xcassets */; };
		2719738219AFBC5000F12FCF /* InfoPlist.strings in Resources */ = {isa = PBXBuildFile; fileRef = 2719737E19AFBC5000F12FCF /* InfoPlist.strings */; };
		2719738319AFBC5000F12FCF /* iTunesArtwork in Resources */ = {isa = PBXBuildFile; fileRef = 2719737F19AFBC5000F12FCF /* iTunesArtwork */; };
		2719738419AFBC5000F12FCF /* iTunesArtwork@2x in Resources */ = {isa = PBXBuildFile; fileRef = 2719738019AFBC5000F12FCF /* iTunesArtwork@2x */; };
		2719738A19AFBC5D00F12FCF /* Images.xcassets in Resources */ = {isa = PBXBuildFile; fileRef = 2719738619AFBC5D00F12FCF /* Images.xcassets */; };
		2719738B19AFBC5D00F12FCF /* InfoPlist.strings in Resources */ = {isa = PBXBuildFile; fileRef = 2719738719AFBC5D00F12FCF /* InfoPlist.strings */; };
		2719738C19AFBC5D00F12FCF /* iTunesArtwork in Resources */ = {isa = PBXBuildFile; fileRef = 2719738819AFBC5D00F12FCF /* iTunesArtwork */; };
		2719738D19AFBC5D00F12FCF /* iTunesArtwork@2x in Resources */ = {isa = PBXBuildFile; fileRef = 2719738919AFBC5D00F12FCF /* iTunesArtwork@2x */; };
		2719739319AFBC6F00F12FCF /* Images.xcassets in Resources */ = {isa = PBXBuildFile; fileRef = 2719738F19AFBC6F00F12FCF /* Images.xcassets */; };
		2719739419AFBC6F00F12FCF /* InfoPlist.strings in Resources */ = {isa = PBXBuildFile; fileRef = 2719739019AFBC6F00F12FCF /* InfoPlist.strings */; };
		2719739519AFBC6F00F12FCF /* iTunesArtwork in Resources */ = {isa = PBXBuildFile; fileRef = 2719739119AFBC6F00F12FCF /* iTunesArtwork */; };
		2719739619AFBC6F00F12FCF /* iTunesArtwork@2x in Resources */ = {isa = PBXBuildFile; fileRef = 2719739219AFBC6F00F12FCF /* iTunesArtwork@2x */; };
/* End PBXBuildFile section */

/* Begin PBXContainerItemProxy section */
		2737200C19B67C1E00D235F4 /* PBXContainerItemProxy */ = {
			isa = PBXContainerItemProxy;
			containerPortal = 27F5119F16AF210500B05F89 /* FDKeychain.xcodeproj */;
			proxyType = 2;
			remoteGlobalIDString = 27F5117916AF1FEE00B05F89;
			remoteInfo = "FDKeychain iOS";
		};
		2737200E19B67C1E00D235F4 /* PBXContainerItemProxy */ = {
			isa = PBXContainerItemProxy;
			containerPortal = 27F5119F16AF210500B05F89 /* FDKeychain.xcodeproj */;
			proxyType = 2;
			remoteGlobalIDString = 2739252619B662790045EA4B;
			remoteInfo = "FDKeychain OS X";
		};
		27FCB42719C2144900BB1123 /* PBXContainerItemProxy */ = {
			isa = PBXContainerItemProxy;
			containerPortal = 27F5119F16AF210500B05F89 /* FDKeychain.xcodeproj */;
			proxyType = 2;
			remoteGlobalIDString = 27FCB40C19C212D700BB1123;
			remoteInfo = "FDKeychain iOS";
		};
		27FCB42919C2145B00BB1123 /* PBXContainerItemProxy */ = {
			isa = PBXContainerItemProxy;
			containerPortal = 27F5119F16AF210500B05F89 /* FDKeychain.xcodeproj */;
			proxyType = 1;
			remoteGlobalIDString = 27FCB40B19C212D700BB1123;
			remoteInfo = "FDKeychain iOS";
		};
		27FCB42B19C2145E00BB1123 /* PBXContainerItemProxy */ = {
			isa = PBXContainerItemProxy;
			containerPortal = 27F5119F16AF210500B05F89 /* FDKeychain.xcodeproj */;
			proxyType = 1;
			remoteGlobalIDString = 27FCB40B19C212D700BB1123;
			remoteInfo = "FDKeychain iOS";
		};
		27FCB42D19C2146200BB1123 /* PBXContainerItemProxy */ = {
			isa = PBXContainerItemProxy;
			containerPortal = 27F5119F16AF210500B05F89 /* FDKeychain.xcodeproj */;
			proxyType = 1;
			remoteGlobalIDString = 27FCB40B19C212D700BB1123;
			remoteInfo = "FDKeychain iOS";
		};
/* End PBXContainerItemProxy section */

/* Begin PBXFileReference section */
		0760B4621546FBDD00AC1232 /* Entitlements.entitlements */ = {isa = PBXFileReference; fileEncoding = 4; lastKnownFileType = text.xml; path = Entitlements.entitlements; sourceTree = "<group>"; };
		0760B4641546FBEF00AC1232 /* Entitlements.entitlements */ = {isa = PBXFileReference; lastKnownFileType = text.xml; path = Entitlements.entitlements; sourceTree = "<group>"; };
		0760B4651546FC0C00AC1232 /* Entitlements.entitlements */ = {isa = PBXFileReference; fileEncoding = 4; lastKnownFileType = text.xml; path = Entitlements.entitlements; sourceTree = "<group>"; };
		07C5C002154652EF0018C348 /* Keychain Pi.app */ = {isa = PBXFileReference; explicitFileType = wrapper.application; includeInIndex = 0; path = "Keychain Pi.app"; sourceTree = BUILT_PRODUCTS_DIR; };
		07C5C02A154652F10018C348 /* Keychain Omega.app */ = {isa = PBXFileReference; explicitFileType = wrapper.application; includeInIndex = 0; path = "Keychain Omega.app"; sourceTree = BUILT_PRODUCTS_DIR; };
		07D974CD1544F877005B4023 /* Keychain Alpha.app */ = {isa = PBXFileReference; explicitFileType = wrapper.application; includeInIndex = 0; path = "Keychain Alpha.app"; sourceTree = BUILT_PRODUCTS_DIR; };
		07D974DC1544F877005B4023 /* Prefix.pch */ = {isa = PBXFileReference; lastKnownFileType = sourcecode.c.h; path = Prefix.pch; sourceTree = "<group>"; };
		07D974DD1544F878005B4023 /* main.m */ = {isa = PBXFileReference; lastKnownFileType = sourcecode.c.objc; path = main.m; sourceTree = "<group>"; };
		07D975461544FEE4005B4023 /* Info-Alpha.plist */ = {isa = PBXFileReference; fileEncoding = 4; lastKnownFileType = text.plist.xml; path = "Info-Alpha.plist"; sourceTree = "<group>"; };
		07D9755D1544FEE4005B4023 /* Info-Omega.plist */ = {isa = PBXFileReference; fileEncoding = 4; lastKnownFileType = text.plist.xml; path = "Info-Omega.plist"; sourceTree = "<group>"; };
		07D975741544FEE4005B4023 /* Info-Pi.plist */ = {isa = PBXFileReference; fileEncoding = 4; lastKnownFileType = text.plist.xml; path = "Info-Pi.plist"; sourceTree = "<group>"; };
		2719736C19AFBBB500F12FCF /* AppDelegate.h */ = {isa = PBXFileReference; fileEncoding = 4; lastKnownFileType = sourcecode.c.h; path = AppDelegate.h; sourceTree = "<group>"; };
		2719736D19AFBBB500F12FCF /* AppDelegate.m */ = {isa = PBXFileReference; fileEncoding = 4; lastKnownFileType = sourcecode.c.objc; path = AppDelegate.m; sourceTree = "<group>"; };
		2719736F19AFBBB500F12FCF /* FDRootViewController.h */ = {isa = PBXFileReference; fileEncoding = 4; lastKnownFileType = sourcecode.c.h; path = FDRootViewController.h; sourceTree = "<group>"; };
		2719737019AFBBB500F12FCF /* FDRootViewController.m */ = {isa = PBXFileReference; fileEncoding = 4; lastKnownFileType = sourcecode.c.objc; path = FDRootViewController.m; sourceTree = "<group>"; };
		2719737819AFBBC200F12FCF /* Images.xcassets */ = {isa = PBXFileReference; lastKnownFileType = folder.assetcatalog; path = Images.xcassets; sourceTree = "<group>"; };
		2719737D19AFBC5000F12FCF /* Images.xcassets */ = {isa = PBXFileReference; lastKnownFileType = folder.assetcatalog; path = Images.xcassets; sourceTree = "<group>"; };
		2719737E19AFBC5000F12FCF /* InfoPlist.strings */ = {isa = PBXFileReference; fileEncoding = 4; lastKnownFileType = text.plist.strings; path = InfoPlist.strings; sourceTree = "<group>"; };
		2719737F19AFBC5000F12FCF /* iTunesArtwork */ = {isa = PBXFileReference; lastKnownFileType = file; path = iTunesArtwork; sourceTree = "<group>"; };
		2719738019AFBC5000F12FCF /* iTunesArtwork@2x */ = {isa = PBXFileReference; lastKnownFileType = file; path = "iTunesArtwork@2x"; sourceTree = "<group>"; };
		2719738619AFBC5D00F12FCF /* Images.xcassets */ = {isa = PBXFileReference; lastKnownFileType = folder.assetcatalog; path = Images.xcassets; sourceTree = "<group>"; };
		2719738719AFBC5D00F12FCF /* InfoPlist.strings */ = {isa = PBXFileReference; fileEncoding = 4; lastKnownFileType = text.plist.strings; path = InfoPlist.strings; sourceTree = "<group>"; };
		2719738819AFBC5D00F12FCF /* iTunesArtwork */ = {isa = PBXFileReference; lastKnownFileType = file; path = iTunesArtwork; sourceTree = "<group>"; };
		2719738919AFBC5D00F12FCF /* iTunesArtwork@2x */ = {isa = PBXFileReference; lastKnownFileType = file; path = "iTunesArtwork@2x"; sourceTree = "<group>"; };
		2719738F19AFBC6F00F12FCF /* Images.xcassets */ = {isa = PBXFileReference; lastKnownFileType = folder.assetcatalog; path = Images.xcassets; sourceTree = "<group>"; };
		2719739019AFBC6F00F12FCF /* InfoPlist.strings */ = {isa = PBXFileReference; fileEncoding = 4; lastKnownFileType = text.plist.strings; path = InfoPlist.strings; sourceTree = "<group>"; };
		2719739119AFBC6F00F12FCF /* iTunesArtwork */ = {isa = PBXFileReference; lastKnownFileType = file; path = iTunesArtwork; sourceTree = "<group>"; };
		2719739219AFBC6F00F12FCF /* iTunesArtwork@2x */ = {isa = PBXFileReference; lastKnownFileType = file; path = "iTunesArtwork@2x"; sourceTree = "<group>"; };
		27F5119F16AF210500B05F89 /* FDKeychain.xcodeproj */ = {isa = PBXFileReference; lastKnownFileType = "wrapper.pb-project"; name = FDKeychain.xcodeproj; path = "../Framework Project/FDKeychain.xcodeproj"; sourceTree = "<group>"; };
/* End PBXFileReference section */

/* Begin PBXFrameworksBuildPhase section */
		07C5BFE3154652EF0018C348 /* Frameworks */ = {
			isa = PBXFrameworksBuildPhase;
			buildActionMask = 2147483647;
			files = (
			);
			runOnlyForDeploymentPostprocessing = 0;
		};
		07C5C00B154652F10018C348 /* Frameworks */ = {
			isa = PBXFrameworksBuildPhase;
			buildActionMask = 2147483647;
			files = (
			);
			runOnlyForDeploymentPostprocessing = 0;
		};
		07D974CA1544F877005B4023 /* Frameworks */ = {
			isa = PBXFrameworksBuildPhase;
			buildActionMask = 2147483647;
			files = (
			);
			runOnlyForDeploymentPostprocessing = 0;
		};
/* End PBXFrameworksBuildPhase section */

/* Begin PBXGroup section */
		07CE04301613EC7000EC19FA /* Vendors */ = {
			isa = PBXGroup;
			children = (
				27F5119F16AF210500B05F89 /* FDKeychain.xcodeproj */,
			);
			name = Vendors;
			sourceTree = "<group>";
		};
		07D974C21544F877005B4023 = {
			isa = PBXGroup;
			children = (
				07D974D91544F877005B4023 /* FDKeychain iOS Example */,
				07CE04301613EC7000EC19FA /* Vendors */,
				07D975301544FEE4005B4023 /* Keychain Alpha */,
				07D9755E1544FEE4005B4023 /* Keychain Pi */,
				07D975471544FEE4005B4023 /* Keychain Omega */,
				07D974CE1544F877005B4023 /* Products */,
			);
			sourceTree = "<group>";
			usesTabs = 1;
		};
		07D974CE1544F877005B4023 /* Products */ = {
			isa = PBXGroup;
			children = (
				07D974CD1544F877005B4023 /* Keychain Alpha.app */,
				07C5C002154652EF0018C348 /* Keychain Pi.app */,
				07C5C02A154652F10018C348 /* Keychain Omega.app */,
			);
			name = Products;
			sourceTree = "<group>";
		};
		07D974D91544F877005B4023 /* FDKeychain iOS Example */ = {
			isa = PBXGroup;
			children = (
				2719736B19AFBBB500F12FCF /* Classes */,
				2719737719AFBBC200F12FCF /* Resources */,
				07D974DA1544F877005B4023 /* Supporting Files */,
			);
			path = "FDKeychain iOS Example";
			sourceTree = "<group>";
		};
		07D974DA1544F877005B4023 /* Supporting Files */ = {
			isa = PBXGroup;
			children = (
				07D974DC1544F877005B4023 /* Prefix.pch */,
				07D974DD1544F878005B4023 /* main.m */,
			);
			path = "Supporting Files";
			sourceTree = "<group>";
		};
		07D975301544FEE4005B4023 /* Keychain Alpha */ = {
			isa = PBXGroup;
			children = (
				2719737C19AFBC5000F12FCF /* Resources */,
				07D975451544FEE4005B4023 /* Supporting Files */,
			);
			name = "Keychain Alpha";
			path = "FDKeychain iOS Example/Keychain Alpha";
			sourceTree = "<group>";
		};
		07D975451544FEE4005B4023 /* Supporting Files */ = {
			isa = PBXGroup;
			children = (
				07D975461544FEE4005B4023 /* Info-Alpha.plist */,
				0760B4651546FC0C00AC1232 /* Entitlements.entitlements */,
			);
			path = "Supporting Files";
			sourceTree = "<group>";
		};
		07D975471544FEE4005B4023 /* Keychain Omega */ = {
			isa = PBXGroup;
			children = (
				2719738E19AFBC6F00F12FCF /* Resources */,
				07D9755C1544FEE4005B4023 /* Supporting Files */,
			);
			name = "Keychain Omega";
			path = "FDKeychain iOS Example/Keychain Omega";
			sourceTree = "<group>";
		};
		07D9755C1544FEE4005B4023 /* Supporting Files */ = {
			isa = PBXGroup;
			children = (
				07D9755D1544FEE4005B4023 /* Info-Omega.plist */,
				0760B4621546FBDD00AC1232 /* Entitlements.entitlements */,
			);
			path = "Supporting Files";
			sourceTree = "<group>";
		};
		07D9755E1544FEE4005B4023 /* Keychain Pi */ = {
			isa = PBXGroup;
			children = (
				2719738519AFBC5D00F12FCF /* Resources */,
				07D975731544FEE4005B4023 /* Supporting Files */,
			);
			name = "Keychain Pi";
			path = "FDKeychain iOS Example/Keychain Pi";
			sourceTree = "<group>";
		};
		07D975731544FEE4005B4023 /* Supporting Files */ = {
			isa = PBXGroup;
			children = (
				07D975741544FEE4005B4023 /* Info-Pi.plist */,
				0760B4641546FBEF00AC1232 /* Entitlements.entitlements */,
			);
			path = "Supporting Files";
			sourceTree = "<group>";
		};
		2719736B19AFBBB500F12FCF /* Classes */ = {
			isa = PBXGroup;
			children = (
				2719736E19AFBBB500F12FCF /* Controllers */,
				2719736C19AFBBB500F12FCF /* AppDelegate.h */,
				2719736D19AFBBB500F12FCF /* AppDelegate.m */,
			);
			path = Classes;
			sourceTree = "<group>";
		};
		2719736E19AFBBB500F12FCF /* Controllers */ = {
			isa = PBXGroup;
			children = (
				2719736F19AFBBB500F12FCF /* FDRootViewController.h */,
				2719737019AFBBB500F12FCF /* FDRootViewController.m */,
			);
			path = Controllers;
			sourceTree = "<group>";
		};
		2719737719AFBBC200F12FCF /* Resources */ = {
			isa = PBXGroup;
			children = (
				2719737819AFBBC200F12FCF /* Images.xcassets */,
			);
			path = Resources;
			sourceTree = "<group>";
		};
		2719737C19AFBC5000F12FCF /* Resources */ = {
			isa = PBXGroup;
			children = (
				2719737D19AFBC5000F12FCF /* Images.xcassets */,
				2719737E19AFBC5000F12FCF /* InfoPlist.strings */,
				2719737F19AFBC5000F12FCF /* iTunesArtwork */,
				2719738019AFBC5000F12FCF /* iTunesArtwork@2x */,
			);
			path = Resources;
			sourceTree = "<group>";
		};
		2719738519AFBC5D00F12FCF /* Resources */ = {
			isa = PBXGroup;
			children = (
				2719738619AFBC5D00F12FCF /* Images.xcassets */,
				2719738719AFBC5D00F12FCF /* InfoPlist.strings */,
				2719738819AFBC5D00F12FCF /* iTunesArtwork */,
				2719738919AFBC5D00F12FCF /* iTunesArtwork@2x */,
			);
			path = Resources;
			sourceTree = "<group>";
		};
		2719738E19AFBC6F00F12FCF /* Resources */ = {
			isa = PBXGroup;
			children = (
				2719738F19AFBC6F00F12FCF /* Images.xcassets */,
				2719739019AFBC6F00F12FCF /* InfoPlist.strings */,
				2719739119AFBC6F00F12FCF /* iTunesArtwork */,
				2719739219AFBC6F00F12FCF /* iTunesArtwork@2x */,
			);
			name = Resources;
			path = "FDKeychain iOS Example/Keychain Omega/Resources";
			sourceTree = SOURCE_ROOT;
		};
		2737200819B67C1E00D235F4 /* Products */ = {
			isa = PBXGroup;
			children = (
				27FCB42819C2144900BB1123 /* FDKeychain.framework */,
				2737200F19B67C1E00D235F4 /* FDKeychain.framework */,
				2737200D19B67C1E00D235F4 /* libFDKeychain.a */,
			);
			name = Products;
			sourceTree = "<group>";
		};
/* End PBXGroup section */

/* Begin PBXNativeTarget section */
		07C5BFDD154652EF0018C348 /* Keychain Pi */ = {
			isa = PBXNativeTarget;
			buildConfigurationList = 07C5BFFE154652EF0018C348 /* Build configuration list for PBXNativeTarget "Keychain Pi" */;
			buildPhases = (
				07C5BFDE154652EF0018C348 /* Sources */,
				07C5BFE3154652EF0018C348 /* Frameworks */,
				07C5BFE9154652EF0018C348 /* Resources */,
			);
			buildRules = (
			);
			dependencies = (
				27FCB42E19C2146200BB1123 /* PBXTargetDependency */,
			);
			name = "Keychain Pi";
			productName = FDKeychain;
			productReference = 07C5C002154652EF0018C348 /* Keychain Pi.app */;
			productType = "com.apple.product-type.application";
		};
		07C5C005154652F10018C348 /* Keychain Omega */ = {
			isa = PBXNativeTarget;
			buildConfigurationList = 07C5C026154652F10018C348 /* Build configuration list for PBXNativeTarget "Keychain Omega" */;
			buildPhases = (
				07C5C006154652F10018C348 /* Sources */,
				07C5C00B154652F10018C348 /* Frameworks */,
				07C5C011154652F10018C348 /* Resources */,
			);
			buildRules = (
			);
			dependencies = (
				27FCB42C19C2145E00BB1123 /* PBXTargetDependency */,
			);
			name = "Keychain Omega";
			productName = FDKeychain;
			productReference = 07C5C02A154652F10018C348 /* Keychain Omega.app */;
			productType = "com.apple.product-type.application";
		};
		07D974CC1544F877005B4023 /* Keychain Alpha */ = {
			isa = PBXNativeTarget;
			buildConfigurationList = 07D9752C1544F879005B4023 /* Build configuration list for PBXNativeTarget "Keychain Alpha" */;
			buildPhases = (
				07D974C91544F877005B4023 /* Sources */,
				07D974CA1544F877005B4023 /* Frameworks */,
				07D974CB1544F877005B4023 /* Resources */,
			);
			buildRules = (
			);
			dependencies = (
				27FCB42A19C2145B00BB1123 /* PBXTargetDependency */,
			);
			name = "Keychain Alpha";
			productName = FDKeychain;
			productReference = 07D974CD1544F877005B4023 /* Keychain Alpha.app */;
			productType = "com.apple.product-type.application";
		};
/* End PBXNativeTarget section */

/* Begin PBXProject section */
		07D974C41544F877005B4023 /* Project object */ = {
			isa = PBXProject;
			attributes = {
				CLASSPREFIX = FD;
				LastUpgradeCheck = 0510;
				ORGANIZATIONNAME = "1414 Degrees";
			};
			buildConfigurationList = 07D974C71544F877005B4023 /* Build configuration list for PBXProject "FDKeychain iOS Example" */;
			compatibilityVersion = "Xcode 3.2";
			developmentRegion = English;
			hasScannedForEncodings = 0;
			knownRegions = (
				en,
			);
			mainGroup = 07D974C21544F877005B4023;
			productRefGroup = 07D974CE1544F877005B4023 /* Products */;
			projectDirPath = "";
			projectReferences = (
				{
					ProductGroup = 2737200819B67C1E00D235F4 /* Products */;
					ProjectRef = 27F5119F16AF210500B05F89 /* FDKeychain.xcodeproj */;
				},
			);
			projectRoot = "";
			targets = (
				07D974CC1544F877005B4023 /* Keychain Alpha */,
				07C5BFDD154652EF0018C348 /* Keychain Pi */,
				07C5C005154652F10018C348 /* Keychain Omega */,
			);
		};
/* End PBXProject section */

/* Begin PBXReferenceProxy section */
		2737200D19B67C1E00D235F4 /* libFDKeychain.a */ = {
			isa = PBXReferenceProxy;
			fileType = archive.ar;
			path = libFDKeychain.a;
			remoteRef = 2737200C19B67C1E00D235F4 /* PBXContainerItemProxy */;
			sourceTree = BUILT_PRODUCTS_DIR;
		};
		2737200F19B67C1E00D235F4 /* FDKeychain.framework */ = {
			isa = PBXReferenceProxy;
			fileType = wrapper.framework;
			path = FDKeychain.framework;
			remoteRef = 2737200E19B67C1E00D235F4 /* PBXContainerItemProxy */;
			sourceTree = BUILT_PRODUCTS_DIR;
		};
		27FCB42819C2144900BB1123 /* FDKeychain.framework */ = {
			isa = PBXReferenceProxy;
			fileType = wrapper.framework;
			path = FDKeychain.framework;
			remoteRef = 27FCB42719C2144900BB1123 /* PBXContainerItemProxy */;
			sourceTree = BUILT_PRODUCTS_DIR;
		};
/* End PBXReferenceProxy section */

/* Begin PBXResourcesBuildPhase section */
		07C5BFE9154652EF0018C348 /* Resources */ = {
			isa = PBXResourcesBuildPhase;
			buildActionMask = 2147483647;
			files = (
				2719738D19AFBC5D00F12FCF /* iTunesArtwork@2x in Resources */,
				2719737A19AFBBC200F12FCF /* Images.xcassets in Resources */,
				2719738B19AFBC5D00F12FCF /* InfoPlist.strings in Resources */,
				2719738A19AFBC5D00F12FCF /* Images.xcassets in Resources */,
				2719738C19AFBC5D00F12FCF /* iTunesArtwork in Resources */,
			);
			runOnlyForDeploymentPostprocessing = 0;
		};
		07C5C011154652F10018C348 /* Resources */ = {
			isa = PBXResourcesBuildPhase;
			buildActionMask = 2147483647;
			files = (
				2719739619AFBC6F00F12FCF /* iTunesArtwork@2x in Resources */,
				2719737B19AFBBC200F12FCF /* Images.xcassets in Resources */,
				2719739419AFBC6F00F12FCF /* InfoPlist.strings in Resources */,
				2719739319AFBC6F00F12FCF /* Images.xcassets in Resources */,
				2719739519AFBC6F00F12FCF /* iTunesArtwork in Resources */,
			);
			runOnlyForDeploymentPostprocessing = 0;
		};
		07D974CB1544F877005B4023 /* Resources */ = {
			isa = PBXResourcesBuildPhase;
			buildActionMask = 2147483647;
			files = (
				2719738419AFBC5000F12FCF /* iTunesArtwork@2x in Resources */,
				2719737919AFBBC200F12FCF /* Images.xcassets in Resources */,
				2719738219AFBC5000F12FCF /* InfoPlist.strings in Resources */,
				2719738119AFBC5000F12FCF /* Images.xcassets in Resources */,
				2719738319AFBC5000F12FCF /* iTunesArtwork in Resources */,
			);
			runOnlyForDeploymentPostprocessing = 0;
		};
/* End PBXResourcesBuildPhase section */

/* Begin PBXSourcesBuildPhase section */
		07C5BFDE154652EF0018C348 /* Sources */ = {
			isa = PBXSourcesBuildPhase;
			buildActionMask = 2147483647;
			files = (
				2719737219AFBBB500F12FCF /* AppDelegate.m in Sources */,
				2719737519AFBBB500F12FCF /* FDRootViewController.m in Sources */,
				07C5BFDF154652EF0018C348 /* main.m in Sources */,
			);
			runOnlyForDeploymentPostprocessing = 0;
		};
		07C5C006154652F10018C348 /* Sources */ = {
			isa = PBXSourcesBuildPhase;
			buildActionMask = 2147483647;
			files = (
				2719737319AFBBB500F12FCF /* AppDelegate.m in Sources */,
				2719737619AFBBB500F12FCF /* FDRootViewController.m in Sources */,
				07C5C007154652F10018C348 /* main.m in Sources */,
			);
			runOnlyForDeploymentPostprocessing = 0;
		};
		07D974C91544F877005B4023 /* Sources */ = {
			isa = PBXSourcesBuildPhase;
			buildActionMask = 2147483647;
			files = (
				2719737119AFBBB500F12FCF /* AppDelegate.m in Sources */,
				2719737419AFBBB500F12FCF /* FDRootViewController.m in Sources */,
				07D974DE1544F878005B4023 /* main.m in Sources */,
			);
			runOnlyForDeploymentPostprocessing = 0;
		};
/* End PBXSourcesBuildPhase section */

/* Begin PBXTargetDependency section */
		27FCB42A19C2145B00BB1123 /* PBXTargetDependency */ = {
			isa = PBXTargetDependency;
			name = "FDKeychain iOS";
			targetProxy = 27FCB42919C2145B00BB1123 /* PBXContainerItemProxy */;
		};
		27FCB42C19C2145E00BB1123 /* PBXTargetDependency */ = {
			isa = PBXTargetDependency;
			name = "FDKeychain iOS";
			targetProxy = 27FCB42B19C2145E00BB1123 /* PBXContainerItemProxy */;
		};
		27FCB42E19C2146200BB1123 /* PBXTargetDependency */ = {
			isa = PBXTargetDependency;
			name = "FDKeychain iOS";
			targetProxy = 27FCB42D19C2146200BB1123 /* PBXContainerItemProxy */;
		};
/* End PBXTargetDependency section */

/* Begin XCBuildConfiguration section */
		07C5BFFF154652EF0018C348 /* Debug */ = {
			isa = XCBuildConfiguration;
			buildSettings = {
				CODE_SIGN_ENTITLEMENTS = "FDKeychain iOS Example/Keychain Pi/Supporting Files/Entitlements.entitlements";
				GCC_PRECOMPILE_PREFIX_HEADER = YES;
				GCC_PREFIX_HEADER = "FDKeychain iOS Example/Supporting Files/Prefix.pch";
				INFOPLIST_FILE = "FDKeychain iOS Example/Keychain Pi/Supporting Files/Info-Pi.plist";
				PRODUCT_NAME = "Keychain Pi";
				WRAPPER_EXTENSION = app;
			};
			name = Debug;
		};
		07C5C000154652EF0018C348 /* Ad Hoc */ = {
			isa = XCBuildConfiguration;
			buildSettings = {
				CODE_SIGN_ENTITLEMENTS = "FDKeychain iOS Example/Keychain Pi/Supporting Files/Entitlements.entitlements";
				GCC_PRECOMPILE_PREFIX_HEADER = YES;
				GCC_PREFIX_HEADER = "FDKeychain iOS Example/Supporting Files/Prefix.pch";
				INFOPLIST_FILE = "FDKeychain iOS Example/Keychain Pi/Supporting Files/Info-Pi.plist";
				PRODUCT_NAME = "Keychain Pi";
				WRAPPER_EXTENSION = app;
			};
			name = "Ad Hoc";
		};
		07C5C001154652EF0018C348 /* App Store */ = {
			isa = XCBuildConfiguration;
			buildSettings = {
				CODE_SIGN_ENTITLEMENTS = "FDKeychain iOS Example/Keychain Pi/Supporting Files/Entitlements.entitlements";
				GCC_PRECOMPILE_PREFIX_HEADER = YES;
				GCC_PREFIX_HEADER = "FDKeychain iOS Example/Supporting Files/Prefix.pch";
				INFOPLIST_FILE = "FDKeychain iOS Example/Keychain Pi/Supporting Files/Info-Pi.plist";
				PRODUCT_NAME = "Keychain Pi";
				WRAPPER_EXTENSION = app;
			};
			name = "App Store";
		};
		07C5C027154652F10018C348 /* Debug */ = {
			isa = XCBuildConfiguration;
			buildSettings = {
				CODE_SIGN_ENTITLEMENTS = "FDKeychain iOS Example/Keychain Omega/Supporting Files/Entitlements.entitlements";
				GCC_PRECOMPILE_PREFIX_HEADER = YES;
				GCC_PREFIX_HEADER = "FDKeychain iOS Example/Supporting Files/Prefix.pch";
				INFOPLIST_FILE = "FDKeychain iOS Example/Keychain Omega/Supporting Files/Info-Omega.plist";
				PRODUCT_NAME = "Keychain Omega";
				WRAPPER_EXTENSION = app;
			};
			name = Debug;
		};
		07C5C028154652F10018C348 /* Ad Hoc */ = {
			isa = XCBuildConfiguration;
			buildSettings = {
				CODE_SIGN_ENTITLEMENTS = "FDKeychain iOS Example/Keychain Omega/Supporting Files/Entitlements.entitlements";
				GCC_PRECOMPILE_PREFIX_HEADER = YES;
				GCC_PREFIX_HEADER = "FDKeychain iOS Example/Supporting Files/Prefix.pch";
				INFOPLIST_FILE = "FDKeychain iOS Example/Keychain Omega/Supporting Files/Info-Omega.plist";
				PRODUCT_NAME = "Keychain Omega";
				WRAPPER_EXTENSION = app;
			};
			name = "Ad Hoc";
		};
		07C5C029154652F10018C348 /* App Store */ = {
			isa = XCBuildConfiguration;
			buildSettings = {
				CODE_SIGN_ENTITLEMENTS = "FDKeychain iOS Example/Keychain Omega/Supporting Files/Entitlements.entitlements";
				GCC_PRECOMPILE_PREFIX_HEADER = YES;
				GCC_PREFIX_HEADER = "FDKeychain iOS Example/Supporting Files/Prefix.pch";
				INFOPLIST_FILE = "FDKeychain iOS Example/Keychain Omega/Supporting Files/Info-Omega.plist";
				PRODUCT_NAME = "Keychain Omega";
				WRAPPER_EXTENSION = app;
			};
			name = "App Store";
		};
		07D975291544F879005B4023 /* Debug */ = {
			isa = XCBuildConfiguration;
			buildSettings = {
				ALWAYS_SEARCH_USER_PATHS = NO;
				ASSETCATALOG_COMPILER_APPICON_NAME = AppIcon;
				ASSETCATALOG_COMPILER_LAUNCHIMAGE_NAME = LaunchImage;
				CLANG_ENABLE_MODULES = YES;
				CLANG_ENABLE_OBJC_ARC = YES;
				CLANG_WARN_BOOL_CONVERSION = YES;
				CLANG_WARN_CONSTANT_CONVERSION = YES;
				CLANG_WARN_EMPTY_BODY = YES;
				CLANG_WARN_ENUM_CONVERSION = YES;
				CLANG_WARN_INT_CONVERSION = YES;
				CLANG_WARN_OBJC_ROOT_CLASS = YES_ERROR;
				CLANG_WARN__DUPLICATE_METHOD_MATCH = YES;
				"CODE_SIGN_IDENTITY[sdk=iphoneos*]" = "iPhone Developer";
				COPY_PHASE_STRIP = NO;
				GCC_C_LANGUAGE_STANDARD = gnu99;
				GCC_DYNAMIC_NO_PIC = NO;
				GCC_OPTIMIZATION_LEVEL = 0;
				GCC_PREPROCESSOR_DEFINITIONS = DEBUG;
				GCC_SYMBOLS_PRIVATE_EXTERN = NO;
				GCC_WARN_64_TO_32_BIT_CONVERSION = YES;
				GCC_WARN_ABOUT_MISSING_PROTOTYPES = YES;
				GCC_WARN_ABOUT_RETURN_TYPE = YES_ERROR;
				GCC_WARN_UNDECLARED_SELECTOR = YES;
				GCC_WARN_UNINITIALIZED_AUTOS = YES;
				GCC_WARN_UNUSED_FUNCTION = YES;
				GCC_WARN_UNUSED_VARIABLE = YES;
				IPHONEOS_DEPLOYMENT_TARGET = 8.0;
				ONLY_ACTIVE_ARCH = YES;
				SDKROOT = iphoneos;
				TARGETED_DEVICE_FAMILY = "1,2";
			};
			name = Debug;
		};
		07D9752A1544F879005B4023 /* Ad Hoc */ = {
			isa = XCBuildConfiguration;
			buildSettings = {
				ALWAYS_SEARCH_USER_PATHS = NO;
				ASSETCATALOG_COMPILER_APPICON_NAME = AppIcon;
				ASSETCATALOG_COMPILER_LAUNCHIMAGE_NAME = LaunchImage;
				CLANG_ENABLE_MODULES = YES;
				CLANG_ENABLE_OBJC_ARC = YES;
				CLANG_WARN_BOOL_CONVERSION = YES;
				CLANG_WARN_CONSTANT_CONVERSION = YES;
				CLANG_WARN_EMPTY_BODY = YES;
				CLANG_WARN_ENUM_CONVERSION = YES;
				CLANG_WARN_INT_CONVERSION = YES;
				CLANG_WARN_OBJC_ROOT_CLASS = YES_ERROR;
				CLANG_WARN__DUPLICATE_METHOD_MATCH = YES;
				"CODE_SIGN_IDENTITY[sdk=iphoneos*]" = "iPhone Distribution";
				COPY_PHASE_STRIP = NO;
				GCC_C_LANGUAGE_STANDARD = gnu99;
				GCC_PREPROCESSOR_DEFINITIONS = AD_HOC;
				GCC_WARN_64_TO_32_BIT_CONVERSION = YES;
				GCC_WARN_ABOUT_MISSING_PROTOTYPES = YES;
				GCC_WARN_ABOUT_RETURN_TYPE = YES_ERROR;
				GCC_WARN_UNDECLARED_SELECTOR = YES;
				GCC_WARN_UNINITIALIZED_AUTOS = YES;
				GCC_WARN_UNUSED_FUNCTION = YES;
				GCC_WARN_UNUSED_VARIABLE = YES;
				IPHONEOS_DEPLOYMENT_TARGET = 8.0;
				SDKROOT = iphoneos;
				STRIP_INSTALLED_PRODUCT = NO;
				TARGETED_DEVICE_FAMILY = "1,2";
				VALIDATE_PRODUCT = YES;
			};
			name = "Ad Hoc";
		};
		07D9752B1544F879005B4023 /* App Store */ = {
			isa = XCBuildConfiguration;
			buildSettings = {
				ALWAYS_SEARCH_USER_PATHS = NO;
				ASSETCATALOG_COMPILER_APPICON_NAME = AppIcon;
				ASSETCATALOG_COMPILER_LAUNCHIMAGE_NAME = LaunchImage;
				CLANG_ENABLE_MODULES = YES;
				CLANG_ENABLE_OBJC_ARC = YES;
				CLANG_WARN_BOOL_CONVERSION = YES;
				CLANG_WARN_CONSTANT_CONVERSION = YES;
				CLANG_WARN_EMPTY_BODY = YES;
				CLANG_WARN_ENUM_CONVERSION = YES;
				CLANG_WARN_INT_CONVERSION = YES;
				CLANG_WARN_OBJC_ROOT_CLASS = YES_ERROR;
				CLANG_WARN__DUPLICATE_METHOD_MATCH = YES;
				"CODE_SIGN_IDENTITY[sdk=iphoneos*]" = "iPhone Distribution";
				COPY_PHASE_STRIP = YES;
				ENABLE_NS_ASSERTIONS = NO;
				GCC_C_LANGUAGE_STANDARD = gnu99;
				GCC_PREPROCESSOR_DEFINITIONS = APP_STORE;
				GCC_WARN_64_TO_32_BIT_CONVERSION = YES;
				GCC_WARN_ABOUT_MISSING_PROTOTYPES = YES;
				GCC_WARN_ABOUT_RETURN_TYPE = YES_ERROR;
				GCC_WARN_UNDECLARED_SELECTOR = YES;
				GCC_WARN_UNINITIALIZED_AUTOS = YES;
				GCC_WARN_UNUSED_FUNCTION = YES;
				GCC_WARN_UNUSED_VARIABLE = YES;
				IPHONEOS_DEPLOYMENT_TARGET = 8.0;
				SDKROOT = iphoneos;
				TARGETED_DEVICE_FAMILY = "1,2";
				VALIDATE_PRODUCT = YES;
			};
			name = "App Store";
		};
		07D9752D1544F879005B4023 /* Debug */ = {
			isa = XCBuildConfiguration;
			buildSettings = {
				CODE_SIGN_ENTITLEMENTS = "FDKeychain iOS Example/Keychain Alpha/Supporting Files/Entitlements.entitlements";
				GCC_PRECOMPILE_PREFIX_HEADER = YES;
				GCC_PREFIX_HEADER = "FDKeychain iOS Example/Supporting Files/Prefix.pch";
				INFOPLIST_FILE = "FDKeychain iOS Example/Keychain Alpha/Supporting Files/Info-Alpha.plist";
				PRODUCT_NAME = "Keychain Alpha";
				WRAPPER_EXTENSION = app;
			};
			name = Debug;
		};
		07D9752E1544F879005B4023 /* Ad Hoc */ = {
			isa = XCBuildConfiguration;
			buildSettings = {
				CODE_SIGN_ENTITLEMENTS = "FDKeychain iOS Example/Keychain Alpha/Supporting Files/Entitlements.entitlements";
				GCC_PRECOMPILE_PREFIX_HEADER = YES;
				GCC_PREFIX_HEADER = "FDKeychain iOS Example/Supporting Files/Prefix.pch";
				INFOPLIST_FILE = "FDKeychain iOS Example/Keychain Alpha/Supporting Files/Info-Alpha.plist";
				PRODUCT_NAME = "Keychain Alpha";
				WRAPPER_EXTENSION = app;
			};
			name = "Ad Hoc";
		};
		07D9752F1544F879005B4023 /* App Store */ = {
			isa = XCBuildConfiguration;
			buildSettings = {
				CODE_SIGN_ENTITLEMENTS = "FDKeychain iOS Example/Keychain Alpha/Supporting Files/Entitlements.entitlements";
				GCC_PRECOMPILE_PREFIX_HEADER = YES;
				GCC_PREFIX_HEADER = "FDKeychain iOS Example/Supporting Files/Prefix.pch";
				INFOPLIST_FILE = "FDKeychain iOS Example/Keychain Alpha/Supporting Files/Info-Alpha.plist";
				PRODUCT_NAME = "Keychain Alpha";
				WRAPPER_EXTENSION = app;
			};
			name = "App Store";
		};
/* End XCBuildConfiguration section */

/* Begin XCConfigurationList section */
		07C5BFFE154652EF0018C348 /* Build configuration list for PBXNativeTarget "Keychain Pi" */ = {
			isa = XCConfigurationList;
			buildConfigurations = (
				07C5BFFF154652EF0018C348 /* Debug */,
				07C5C000154652EF0018C348 /* Ad Hoc */,
				07C5C001154652EF0018C348 /* App Store */,
			);
			defaultConfigurationIsVisible = 0;
			defaultConfigurationName = Debug;
		};
		07C5C026154652F10018C348 /* Build configuration list for PBXNativeTarget "Keychain Omega" */ = {
			isa = XCConfigurationList;
			buildConfigurations = (
				07C5C027154652F10018C348 /* Debug */,
				07C5C028154652F10018C348 /* Ad Hoc */,
				07C5C029154652F10018C348 /* App Store */,
			);
			defaultConfigurationIsVisible = 0;
			defaultConfigurationName = Debug;
		};
		07D974C71544F877005B4023 /* Build configuration list for PBXProject "FDKeychain iOS Example" */ = {
			isa = XCConfigurationList;
			buildConfigurations = (
				07D975291544F879005B4023 /* Debug */,
				07D9752A1544F879005B4023 /* Ad Hoc */,
				07D9752B1544F879005B4023 /* App Store */,
			);
			defaultConfigurationIsVisible = 0;
			defaultConfigurationName = Debug;
		};
		07D9752C1544F879005B4023 /* Build configuration list for PBXNativeTarget "Keychain Alpha" */ = {
			isa = XCConfigurationList;
			buildConfigurations = (
				07D9752D1544F879005B4023 /* Debug */,
				07D9752E1544F879005B4023 /* Ad Hoc */,
				07D9752F1544F879005B4023 /* App Store */,
			);
			defaultConfigurationIsVisible = 0;
			defaultConfigurationName = Debug;
		};
/* End XCConfigurationList section */
	};
	rootObject = 07D974C41544F877005B4023 /* Project object */;
}
