// !$*UTF8*$!
{
	archiveVersion = 1;
	classes = {
	};
	objectVersion = 46;
	objects = {

/* Begin PBXBuildFile section */
		2737F4441BA4C17E00A4BF30 /* FDKeychain.m in Sources */ = {isa = PBXBuildFile; fileRef = 27F71A0E199AF84200C5AD3C /* FDKeychain.m */; };
		2737F4471BA4C17E00A4BF30 /* FDKeychain.h in Headers */ = {isa = PBXBuildFile; fileRef = 27F71A0D199AF84200C5AD3C /* FDKeychain.h */; settings = {ATTRIBUTES = (Public, ); }; };
		2737F4721BA4C27800A4BF30 /* FDKeychainTests.m in Sources */ = {isa = PBXBuildFile; fileRef = 2737F46F1BA4C27800A4BF30 /* FDKeychainTests.m */; };
		2737F4731BA4C27800A4BF30 /* FDKeychainTests.m in Sources */ = {isa = PBXBuildFile; fileRef = 2737F46F1BA4C27800A4BF30 /* FDKeychainTests.m */; };
		276FF8AA1CE9177A00C4CFDE /* FDKeychainTests.m in Sources */ = {isa = PBXBuildFile; fileRef = 2737F46F1BA4C27800A4BF30 /* FDKeychainTests.m */; };
		276FF8AB1CE9195F00C4CFDE /* FDKeychain.m in Sources */ = {isa = PBXBuildFile; fileRef = 27F71A0E199AF84200C5AD3C /* FDKeychain.m */; };
		279762C919B6638200B55F7B /* FDKeychain.h in Headers */ = {isa = PBXBuildFile; fileRef = 27F71A0D199AF84200C5AD3C /* FDKeychain.h */; settings = {ATTRIBUTES = (Public, ); }; };
		279762CA19B6638C00B55F7B /* FDKeychain.m in Sources */ = {isa = PBXBuildFile; fileRef = 27F71A0E199AF84200C5AD3C /* FDKeychain.m */; };
		27E4DA801CE91A2500B89366 /* FDKeychain.h in Headers */ = {isa = PBXBuildFile; fileRef = 27F71A0D199AF84200C5AD3C /* FDKeychain.h */; settings = {ATTRIBUTES = (Public, ); }; };
		27FCB42F19C2147E00BB1123 /* FDKeychain.h in Headers */ = {isa = PBXBuildFile; fileRef = 27F71A0D199AF84200C5AD3C /* FDKeychain.h */; settings = {ATTRIBUTES = (Public, ); }; };
		27FCB43019C2147E00BB1123 /* FDKeychain.m in Sources */ = {isa = PBXBuildFile; fileRef = 27F71A0E199AF84200C5AD3C /* FDKeychain.m */; };
/* End PBXBuildFile section */

/* Begin PBXContainerItemProxy section */
		2737F45A1BA4C21F00A4BF30 /* PBXContainerItemProxy */ = {
			isa = PBXContainerItemProxy;
			containerPortal = 27F5117016AF1FEE00B05F89 /* Project object */;
			proxyType = 1;
			remoteGlobalIDString = 27FCB40B19C212D700BB1123;
			remoteInfo = "FDKeychain iOS";
		};
		2737F4761BA4C6D600A4BF30 /* PBXContainerItemProxy */ = {
			isa = PBXContainerItemProxy;
			containerPortal = 27F5117016AF1FEE00B05F89 /* Project object */;
			proxyType = 1;
			remoteGlobalIDString = 2739252519B662790045EA4B;
			remoteInfo = "FDKeychain OS X";
		};
		276FF89B1CE9171C00C4CFDE /* PBXContainerItemProxy */ = {
			isa = PBXContainerItemProxy;
			containerPortal = 27F5117016AF1FEE00B05F89 /* Project object */;
			proxyType = 1;
			remoteGlobalIDString = 276FF88F1CE9171C00C4CFDE;
			remoteInfo = "FDKeychain tVOS";
		};
/* End PBXContainerItemProxy section */

/* Begin PBXFileReference section */
		2737F44C1BA4C17E00A4BF30 /* FDKeychain.framework */ = {isa = PBXFileReference; explicitFileType = wrapper.framework; includeInIndex = 0; path = FDKeychain.framework; sourceTree = BUILT_PRODUCTS_DIR; };
		2737F44F1BA4C1D800A4BF30 /* Info.plist */ = {isa = PBXFileReference; lastKnownFileType = text.plist.xml; path = Info.plist; sourceTree = "<group>"; };
		2737F4541BA4C21F00A4BF30 /* FDKeychain iOS Tests.xctest */ = {isa = PBXFileReference; explicitFileType = wrapper.cfbundle; includeInIndex = 0; path = "FDKeychain iOS Tests.xctest"; sourceTree = BUILT_PRODUCTS_DIR; };
		2737F4631BA4C22600A4BF30 /* FDKeychain OS X Tests.xctest */ = {isa = PBXFileReference; explicitFileType = wrapper.cfbundle; includeInIndex = 0; path = "FDKeychain OS X Tests.xctest"; sourceTree = BUILT_PRODUCTS_DIR; };
		2737F46F1BA4C27800A4BF30 /* FDKeychainTests.m */ = {isa = PBXFileReference; fileEncoding = 4; lastKnownFileType = sourcecode.c.objc; path = FDKeychainTests.m; sourceTree = "<group>"; };
		2737F4711BA4C27800A4BF30 /* Info.plist */ = {isa = PBXFileReference; fileEncoding = 4; lastKnownFileType = text.plist.xml; path = Info.plist; sourceTree = "<group>"; };
		2739252619B662790045EA4B /* FDKeychain.framework */ = {isa = PBXFileReference; explicitFileType = wrapper.framework; includeInIndex = 0; path = FDKeychain.framework; sourceTree = BUILT_PRODUCTS_DIR; };
		276FF8901CE9171C00C4CFDE /* FDKeychain.framework */ = {isa = PBXFileReference; explicitFileType = wrapper.framework; includeInIndex = 0; path = FDKeychain.framework; sourceTree = BUILT_PRODUCTS_DIR; };
		276FF8991CE9171C00C4CFDE /* FDKeychain tvOS Tests.xctest */ = {isa = PBXFileReference; explicitFileType = wrapper.cfbundle; includeInIndex = 0; path = "FDKeychain tvOS Tests.xctest"; sourceTree = BUILT_PRODUCTS_DIR; };
		276FF8A81CE9174D00C4CFDE /* Info.plist */ = {isa = PBXFileReference; fileEncoding = 4; lastKnownFileType = text.plist.xml; path = Info.plist; sourceTree = "<group>"; };
		279762DB19B669A300B55F7B /* Info.plist */ = {isa = PBXFileReference; fileEncoding = 4; lastKnownFileType = text.plist.xml; path = Info.plist; sourceTree = "<group>"; };
		27F71A0D199AF84200C5AD3C /* FDKeychain.h */ = {isa = PBXFileReference; fileEncoding = 4; lastKnownFileType = sourcecode.c.h; path = FDKeychain.h; sourceTree = "<group>"; };
		27F71A0E199AF84200C5AD3C /* FDKeychain.m */ = {isa = PBXFileReference; fileEncoding = 4; lastKnownFileType = sourcecode.c.objc; path = FDKeychain.m; sourceTree = "<group>"; };
		27FCB40C19C212D700BB1123 /* FDKeychain.framework */ = {isa = PBXFileReference; explicitFileType = wrapper.framework; includeInIndex = 0; path = FDKeychain.framework; sourceTree = BUILT_PRODUCTS_DIR; };
		27FCB42419C2143800BB1123 /* Info.plist */ = {isa = PBXFileReference; lastKnownFileType = text.plist.xml; path = Info.plist; sourceTree = "<group>"; };
/* End PBXFileReference section */

/* Begin PBXFrameworksBuildPhase section */
		2737F4451BA4C17E00A4BF30 /* Frameworks */ = {
			isa = PBXFrameworksBuildPhase;
			buildActionMask = 2147483647;
			files = (
			);
			runOnlyForDeploymentPostprocessing = 0;
		};
		2737F4511BA4C21F00A4BF30 /* Frameworks */ = {
			isa = PBXFrameworksBuildPhase;
			buildActionMask = 2147483647;
			files = (
			);
			runOnlyForDeploymentPostprocessing = 0;
		};
		2737F4601BA4C22600A4BF30 /* Frameworks */ = {
			isa = PBXFrameworksBuildPhase;
			buildActionMask = 2147483647;
			files = (
			);
			runOnlyForDeploymentPostprocessing = 0;
		};
		2739252219B662790045EA4B /* Frameworks */ = {
			isa = PBXFrameworksBuildPhase;
			buildActionMask = 2147483647;
			files = (
			);
			runOnlyForDeploymentPostprocessing = 0;
		};
		276FF88C1CE9171C00C4CFDE /* Frameworks */ = {
			isa = PBXFrameworksBuildPhase;
			buildActionMask = 2147483647;
			files = (
			);
			runOnlyForDeploymentPostprocessing = 0;
		};
		276FF8961CE9171C00C4CFDE /* Frameworks */ = {
			isa = PBXFrameworksBuildPhase;
			buildActionMask = 2147483647;
			files = (
			);
			runOnlyForDeploymentPostprocessing = 0;
		};
		27FCB40819C212D700BB1123 /* Frameworks */ = {
			isa = PBXFrameworksBuildPhase;
			buildActionMask = 2147483647;
			files = (
			);
			runOnlyForDeploymentPostprocessing = 0;
		};
/* End PBXFrameworksBuildPhase section */

/* Begin PBXGroup section */
		2737F44E1BA4C1D800A4BF30 /* watchOS Supporting Files */ = {
			isa = PBXGroup;
			children = (
				2737F44F1BA4C1D800A4BF30 /* Info.plist */,
			);
			path = "watchOS Supporting Files";
			sourceTree = "<group>";
		};
		2737F4551BA4C21F00A4BF30 /* FDKeychain Tests */ = {
			isa = PBXGroup;
			children = (
				2737F46E1BA4C27800A4BF30 /* Classes */,
				2737F4701BA4C27800A4BF30 /* Supporting Files */,
			);
			path = "FDKeychain Tests";
			sourceTree = "<group>";
		};
		2737F46E1BA4C27800A4BF30 /* Classes */ = {
			isa = PBXGroup;
			children = (
				2737F46F1BA4C27800A4BF30 /* FDKeychainTests.m */,
			);
			path = Classes;
			sourceTree = "<group>";
		};
		2737F4701BA4C27800A4BF30 /* Supporting Files */ = {
			isa = PBXGroup;
			children = (
				2737F4711BA4C27800A4BF30 /* Info.plist */,
			);
			path = "Supporting Files";
			sourceTree = "<group>";
		};
		276FF8A71CE9174D00C4CFDE /* tvOS Supporting Files */ = {
			isa = PBXGroup;
			children = (
				276FF8A81CE9174D00C4CFDE /* Info.plist */,
			);
			path = "tvOS Supporting Files";
			sourceTree = "<group>";
		};
		279762DA19B669A300B55F7B /* OS X Supporting Files */ = {
			isa = PBXGroup;
			children = (
				279762DB19B669A300B55F7B /* Info.plist */,
			);
			path = "OS X Supporting Files";
			sourceTree = "<group>";
		};
		27F5116E16AF1FEE00B05F89 = {
			isa = PBXGroup;
			children = (
				27F71A07199AF7F500C5AD3C /* FDKeychain Framework */,
				2737F4551BA4C21F00A4BF30 /* FDKeychain Tests */,
				27F5117A16AF1FEE00B05F89 /* Products */,
			);
			sourceTree = "<group>";
		};
		27F5117A16AF1FEE00B05F89 /* Products */ = {
			isa = PBXGroup;
			children = (
				2739252619B662790045EA4B /* FDKeychain.framework */,
				27FCB40C19C212D700BB1123 /* FDKeychain.framework */,
				2737F44C1BA4C17E00A4BF30 /* FDKeychain.framework */,
				2737F4541BA4C21F00A4BF30 /* FDKeychain iOS Tests.xctest */,
				2737F4631BA4C22600A4BF30 /* FDKeychain OS X Tests.xctest */,
				276FF8901CE9171C00C4CFDE /* FDKeychain.framework */,
				276FF8991CE9171C00C4CFDE /* FDKeychain tvOS Tests.xctest */,
			);
			name = Products;
			sourceTree = "<group>";
		};
		27F71A07199AF7F500C5AD3C /* FDKeychain Framework */ = {
			isa = PBXGroup;
			children = (
				27F71A0C199AF84200C5AD3C /* FDKeychain */,
				27FCB42319C2143800BB1123 /* iOS Supporting Files */,
				2737F44E1BA4C1D800A4BF30 /* watchOS Supporting Files */,
				276FF8A71CE9174D00C4CFDE /* tvOS Supporting Files */,
				279762DA19B669A300B55F7B /* OS X Supporting Files */,
			);
			name = "FDKeychain Framework";
			sourceTree = "<group>";
		};
		27F71A0C199AF84200C5AD3C /* FDKeychain */ = {
			isa = PBXGroup;
			children = (
				27F71A0D199AF84200C5AD3C /* FDKeychain.h */,
				27F71A0E199AF84200C5AD3C /* FDKeychain.m */,
			);
			name = FDKeychain;
			path = ../FDKeychain;
			sourceTree = "<group>";
		};
		27FCB42319C2143800BB1123 /* iOS Supporting Files */ = {
			isa = PBXGroup;
			children = (
				27FCB42419C2143800BB1123 /* Info.plist */,
			);
			path = "iOS Supporting Files";
			sourceTree = "<group>";
		};
/* End PBXGroup section */

/* Begin PBXHeadersBuildPhase section */
		2737F4461BA4C17E00A4BF30 /* Headers */ = {
			isa = PBXHeadersBuildPhase;
			buildActionMask = 2147483647;
			files = (
				2737F4471BA4C17E00A4BF30 /* FDKeychain.h in Headers */,
			);
			runOnlyForDeploymentPostprocessing = 0;
		};
		2739252319B662790045EA4B /* Headers */ = {
			isa = PBXHeadersBuildPhase;
			buildActionMask = 2147483647;
			files = (
				279762C919B6638200B55F7B /* FDKeychain.h in Headers */,
			);
			runOnlyForDeploymentPostprocessing = 0;
		};
		276FF88D1CE9171C00C4CFDE /* Headers */ = {
			isa = PBXHeadersBuildPhase;
			buildActionMask = 2147483647;
			files = (
				27E4DA801CE91A2500B89366 /* FDKeychain.h in Headers */,
			);
			runOnlyForDeploymentPostprocessing = 0;
		};
		27FCB40919C212D700BB1123 /* Headers */ = {
			isa = PBXHeadersBuildPhase;
			buildActionMask = 2147483647;
			files = (
				27FCB42F19C2147E00BB1123 /* FDKeychain.h in Headers */,
			);
			runOnlyForDeploymentPostprocessing = 0;
		};
/* End PBXHeadersBuildPhase section */

/* Begin PBXNativeTarget section */
		2737F4421BA4C17E00A4BF30 /* FDKeychain watchOS */ = {
			isa = PBXNativeTarget;
			buildConfigurationList = 2737F4491BA4C17E00A4BF30 /* Build configuration list for PBXNativeTarget "FDKeychain watchOS" */;
			buildPhases = (
				2737F4431BA4C17E00A4BF30 /* Sources */,
				2737F4451BA4C17E00A4BF30 /* Frameworks */,
				2737F4461BA4C17E00A4BF30 /* Headers */,
				2737F4481BA4C17E00A4BF30 /* Resources */,
			);
			buildRules = (
			);
			dependencies = (
			);
			name = "FDKeychain watchOS";
			productName = "FDKeychain iOS";
			productReference = 2737F44C1BA4C17E00A4BF30 /* FDKeychain.framework */;
			productType = "com.apple.product-type.framework";
		};
		2737F4531BA4C21F00A4BF30 /* FDKeychain iOS Tests */ = {
			isa = PBXNativeTarget;
			buildConfigurationList = 2737F45C1BA4C21F00A4BF30 /* Build configuration list for PBXNativeTarget "FDKeychain iOS Tests" */;
			buildPhases = (
				2737F4501BA4C21F00A4BF30 /* Sources */,
				2737F4511BA4C21F00A4BF30 /* Frameworks */,
				2737F4521BA4C21F00A4BF30 /* Resources */,
			);
			buildRules = (
			);
			dependencies = (
				2737F45B1BA4C21F00A4BF30 /* PBXTargetDependency */,
			);
			name = "FDKeychain iOS Tests";
			productName = "FDKeychain iOS Tests";
			productReference = 2737F4541BA4C21F00A4BF30 /* FDKeychain iOS Tests.xctest */;
			productType = "com.apple.product-type.bundle.unit-test";
		};
		2737F4621BA4C22600A4BF30 /* FDKeychain OS X Tests */ = {
			isa = PBXNativeTarget;
			buildConfigurationList = 2737F46B1BA4C22600A4BF30 /* Build configuration list for PBXNativeTarget "FDKeychain OS X Tests" */;
			buildPhases = (
				2737F45F1BA4C22600A4BF30 /* Sources */,
				2737F4601BA4C22600A4BF30 /* Frameworks */,
				2737F4611BA4C22600A4BF30 /* Resources */,
			);
			buildRules = (
			);
			dependencies = (
				2737F4771BA4C6D600A4BF30 /* PBXTargetDependency */,
			);
			name = "FDKeychain OS X Tests";
			productName = "FDKeychain OS X Tests";
			productReference = 2737F4631BA4C22600A4BF30 /* FDKeychain OS X Tests.xctest */;
			productType = "com.apple.product-type.bundle.unit-test";
		};
		2739252519B662790045EA4B /* FDKeychain OS X */ = {
			isa = PBXNativeTarget;
			buildConfigurationList = 2739254F19B662790045EA4B /* Build configuration list for PBXNativeTarget "FDKeychain OS X" */;
			buildPhases = (
				2739252119B662790045EA4B /* Sources */,
				2739252219B662790045EA4B /* Frameworks */,
				2739252319B662790045EA4B /* Headers */,
				2739252419B662790045EA4B /* Resources */,
			);
			buildRules = (
			);
			dependencies = (
			);
			name = "FDKeychain OS X";
			productName = "FDKeychain OS X";
			productReference = 2739252619B662790045EA4B /* FDKeychain.framework */;
			productType = "com.apple.product-type.framework";
		};
		276FF88F1CE9171C00C4CFDE /* FDKeychain tvOS */ = {
			isa = PBXNativeTarget;
			buildConfigurationList = 276FF8A51CE9171C00C4CFDE /* Build configuration list for PBXNativeTarget "FDKeychain tvOS" */;
			buildPhases = (
				276FF88B1CE9171C00C4CFDE /* Sources */,
				276FF88C1CE9171C00C4CFDE /* Frameworks */,
				276FF88D1CE9171C00C4CFDE /* Headers */,
				276FF88E1CE9171C00C4CFDE /* Resources */,
			);
			buildRules = (
			);
			dependencies = (
			);
			name = "FDKeychain tvOS";
			productName = "FDKeychain tVOS";
			productReference = 276FF8901CE9171C00C4CFDE /* FDKeychain.framework */;
			productType = "com.apple.product-type.framework";
		};
		276FF8981CE9171C00C4CFDE /* FDKeychain tvOS Tests */ = {
			isa = PBXNativeTarget;
			buildConfigurationList = 276FF8A61CE9171C00C4CFDE /* Build configuration list for PBXNativeTarget "FDKeychain tvOS Tests" */;
			buildPhases = (
				276FF8951CE9171C00C4CFDE /* Sources */,
				276FF8961CE9171C00C4CFDE /* Frameworks */,
				276FF8971CE9171C00C4CFDE /* Resources */,
			);
			buildRules = (
			);
			dependencies = (
				276FF89C1CE9171C00C4CFDE /* PBXTargetDependency */,
			);
			name = "FDKeychain tvOS Tests";
			productName = "FDKeychain tVOSTests";
			productReference = 276FF8991CE9171C00C4CFDE /* FDKeychain tvOS Tests.xctest */;
			productType = "com.apple.product-type.bundle.unit-test";
		};
		27FCB40B19C212D700BB1123 /* FDKeychain iOS */ = {
			isa = PBXNativeTarget;
			buildConfigurationList = 27FCB41C19C212D700BB1123 /* Build configuration list for PBXNativeTarget "FDKeychain iOS" */;
			buildPhases = (
				27FCB40719C212D700BB1123 /* Sources */,
				27FCB40819C212D700BB1123 /* Frameworks */,
				27FCB40919C212D700BB1123 /* Headers */,
				27FCB40A19C212D700BB1123 /* Resources */,
			);
			buildRules = (
			);
			dependencies = (
			);
			name = "FDKeychain iOS";
			productName = "FDKeychain iOS";
			productReference = 27FCB40C19C212D700BB1123 /* FDKeychain.framework */;
			productType = "com.apple.product-type.framework";
		};
/* End PBXNativeTarget section */

/* Begin PBXProject section */
		27F5117016AF1FEE00B05F89 /* Project object */ = {
			isa = PBXProject;
			attributes = {
				LastUpgradeCheck = 0700;
				ORGANIZATIONNAME = "1414 Degrees";
				TargetAttributes = {
					2737F4531BA4C21F00A4BF30 = {
						CreatedOnToolsVersion = 7.0;
					};
					2737F4621BA4C22600A4BF30 = {
						CreatedOnToolsVersion = 7.0;
					};
					276FF88F1CE9171C00C4CFDE = {
						CreatedOnToolsVersion = 7.3.1;
					};
					276FF8981CE9171C00C4CFDE = {
						CreatedOnToolsVersion = 7.3.1;
					};
					27FCB40B19C212D700BB1123 = {
						CreatedOnToolsVersion = 6.0;
					};
				};
			};
			buildConfigurationList = 27F5117316AF1FEE00B05F89 /* Build configuration list for PBXProject "FDKeychain" */;
			compatibilityVersion = "Xcode 3.2";
			developmentRegion = English;
			hasScannedForEncodings = 0;
			knownRegions = (
				en,
			);
			mainGroup = 27F5116E16AF1FEE00B05F89;
			productRefGroup = 27F5117A16AF1FEE00B05F89 /* Products */;
			projectDirPath = "";
			projectRoot = "";
			targets = (
				27FCB40B19C212D700BB1123 /* FDKeychain iOS */,
				2737F4421BA4C17E00A4BF30 /* FDKeychain watchOS */,
				276FF88F1CE9171C00C4CFDE /* FDKeychain tvOS */,
				2739252519B662790045EA4B /* FDKeychain OS X */,
				2737F4531BA4C21F00A4BF30 /* FDKeychain iOS Tests */,
				2737F4621BA4C22600A4BF30 /* FDKeychain OS X Tests */,
				276FF8981CE9171C00C4CFDE /* FDKeychain tvOS Tests */,
			);
		};
/* End PBXProject section */

/* Begin PBXResourcesBuildPhase section */
		2737F4481BA4C17E00A4BF30 /* Resources */ = {
			isa = PBXResourcesBuildPhase;
			buildActionMask = 2147483647;
			files = (
			);
			runOnlyForDeploymentPostprocessing = 0;
		};
		2737F4521BA4C21F00A4BF30 /* Resources */ = {
			isa = PBXResourcesBuildPhase;
			buildActionMask = 2147483647;
			files = (
			);
			runOnlyForDeploymentPostprocessing = 0;
		};
		2737F4611BA4C22600A4BF30 /* Resources */ = {
			isa = PBXResourcesBuildPhase;
			buildActionMask = 2147483647;
			files = (
			);
			runOnlyForDeploymentPostprocessing = 0;
		};
		2739252419B662790045EA4B /* Resources */ = {
			isa = PBXResourcesBuildPhase;
			buildActionMask = 2147483647;
			files = (
			);
			runOnlyForDeploymentPostprocessing = 0;
		};
		276FF88E1CE9171C00C4CFDE /* Resources */ = {
			isa = PBXResourcesBuildPhase;
			buildActionMask = 2147483647;
			files = (
			);
			runOnlyForDeploymentPostprocessing = 0;
		};
		276FF8971CE9171C00C4CFDE /* Resources */ = {
			isa = PBXResourcesBuildPhase;
			buildActionMask = 2147483647;
			files = (
			);
			runOnlyForDeploymentPostprocessing = 0;
		};
		27FCB40A19C212D700BB1123 /* Resources */ = {
			isa = PBXResourcesBuildPhase;
			buildActionMask = 2147483647;
			files = (
			);
			runOnlyForDeploymentPostprocessing = 0;
		};
/* End PBXResourcesBuildPhase section */

/* Begin PBXSourcesBuildPhase section */
		2737F4431BA4C17E00A4BF30 /* Sources */ = {
			isa = PBXSourcesBuildPhase;
			buildActionMask = 2147483647;
			files = (
				2737F4441BA4C17E00A4BF30 /* FDKeychain.m in Sources */,
			);
			runOnlyForDeploymentPostprocessing = 0;
		};
		2737F4501BA4C21F00A4BF30 /* Sources */ = {
			isa = PBXSourcesBuildPhase;
			buildActionMask = 2147483647;
			files = (
				2737F4721BA4C27800A4BF30 /* FDKeychainTests.m in Sources */,
			);
			runOnlyForDeploymentPostprocessing = 0;
		};
		2737F45F1BA4C22600A4BF30 /* Sources */ = {
			isa = PBXSourcesBuildPhase;
			buildActionMask = 2147483647;
			files = (
				2737F4731BA4C27800A4BF30 /* FDKeychainTests.m in Sources */,
			);
			runOnlyForDeploymentPostprocessing = 0;
		};
		2739252119B662790045EA4B /* Sources */ = {
			isa = PBXSourcesBuildPhase;
			buildActionMask = 2147483647;
			files = (
				279762CA19B6638C00B55F7B /* FDKeychain.m in Sources */,
			);
			runOnlyForDeploymentPostprocessing = 0;
		};
		276FF88B1CE9171C00C4CFDE /* Sources */ = {
			isa = PBXSourcesBuildPhase;
			buildActionMask = 2147483647;
			files = (
				276FF8AB1CE9195F00C4CFDE /* FDKeychain.m in Sources */,
			);
			runOnlyForDeploymentPostprocessing = 0;
		};
		276FF8951CE9171C00C4CFDE /* Sources */ = {
			isa = PBXSourcesBuildPhase;
			buildActionMask = 2147483647;
			files = (
				276FF8AA1CE9177A00C4CFDE /* FDKeychainTests.m in Sources */,
			);
			runOnlyForDeploymentPostprocessing = 0;
		};
		27FCB40719C212D700BB1123 /* Sources */ = {
			isa = PBXSourcesBuildPhase;
			buildActionMask = 2147483647;
			files = (
				27FCB43019C2147E00BB1123 /* FDKeychain.m in Sources */,
			);
			runOnlyForDeploymentPostprocessing = 0;
		};
/* End PBXSourcesBuildPhase section */

/* Begin PBXTargetDependency section */
		2737F45B1BA4C21F00A4BF30 /* PBXTargetDependency */ = {
			isa = PBXTargetDependency;
			target = 27FCB40B19C212D700BB1123 /* FDKeychain iOS */;
			targetProxy = 2737F45A1BA4C21F00A4BF30 /* PBXContainerItemProxy */;
		};
		2737F4771BA4C6D600A4BF30 /* PBXTargetDependency */ = {
			isa = PBXTargetDependency;
			target = 2739252519B662790045EA4B /* FDKeychain OS X */;
			targetProxy = 2737F4761BA4C6D600A4BF30 /* PBXContainerItemProxy */;
		};
		276FF89C1CE9171C00C4CFDE /* PBXTargetDependency */ = {
			isa = PBXTargetDependency;
			target = 276FF88F1CE9171C00C4CFDE /* FDKeychain tvOS */;
			targetProxy = 276FF89B1CE9171C00C4CFDE /* PBXContainerItemProxy */;
		};
/* End PBXTargetDependency section */

/* Begin XCBuildConfiguration section */
		2737F44A1BA4C17E00A4BF30 /* Debug */ = {
			isa = XCBuildConfiguration;
			buildSettings = {
				"CODE_SIGN_IDENTITY[sdk=iphoneos*]" = "iPhone Developer";
				CURRENT_PROJECT_VERSION = 1;
				DEFINES_MODULE = YES;
				DYLIB_COMPATIBILITY_VERSION = 1;
				DYLIB_CURRENT_VERSION = 1;
				DYLIB_INSTALL_NAME_BASE = "@rpath";
				INFOPLIST_FILE = "watchOS Supporting Files/Info.plist";
				LD_RUNPATH_SEARCH_PATHS = "$(inherited) @executable_path/Frameworks @loader_path/Frameworks";
				SDKROOT = watchos;
				SKIP_INSTALL = YES;
				VERSIONING_SYSTEM = "apple-generic";
				VERSION_INFO_PREFIX = "";
			};
			name = Debug;
		};
		2737F44B1BA4C17E00A4BF30 /* Release */ = {
			isa = XCBuildConfiguration;
			buildSettings = {
				"CODE_SIGN_IDENTITY[sdk=iphoneos*]" = "iPhone Distribution";
				CURRENT_PROJECT_VERSION = 1;
				DEFINES_MODULE = YES;
				DYLIB_COMPATIBILITY_VERSION = 1;
				DYLIB_CURRENT_VERSION = 1;
				DYLIB_INSTALL_NAME_BASE = "@rpath";
				INFOPLIST_FILE = "watchOS Supporting Files/Info.plist";
				LD_RUNPATH_SEARCH_PATHS = "$(inherited) @executable_path/Frameworks @loader_path/Frameworks";
				SDKROOT = watchos;
				SKIP_INSTALL = YES;
				VERSIONING_SYSTEM = "apple-generic";
				VERSION_INFO_PREFIX = "";
			};
			name = Release;
		};
		2737F45D1BA4C21F00A4BF30 /* Debug */ = {
			isa = XCBuildConfiguration;
			buildSettings = {
				INFOPLIST_FILE = "FDKeychain Tests/Supporting Files/Info.plist";
				IPHONEOS_DEPLOYMENT_TARGET = 9.0;
				LD_RUNPATH_SEARCH_PATHS = "$(inherited) @executable_path/Frameworks @loader_path/Frameworks";
				PRODUCT_BUNDLE_IDENTIFIER = com.1414degrees.keychain.ios.tests;
				PRODUCT_NAME = "$(TARGET_NAME)";
				SDKROOT = iphoneos;
			};
			name = Debug;
		};
		2737F45E1BA4C21F00A4BF30 /* Release */ = {
			isa = XCBuildConfiguration;
			buildSettings = {
				INFOPLIST_FILE = "FDKeychain Tests/Supporting Files/Info.plist";
				IPHONEOS_DEPLOYMENT_TARGET = 9.0;
				LD_RUNPATH_SEARCH_PATHS = "$(inherited) @executable_path/Frameworks @loader_path/Frameworks";
				PRODUCT_BUNDLE_IDENTIFIER = com.1414degrees.keychain.ios.tests;
				PRODUCT_NAME = "$(TARGET_NAME)";
				SDKROOT = iphoneos;
			};
			name = Release;
		};
		2737F46C1BA4C22600A4BF30 /* Debug */ = {
			isa = XCBuildConfiguration;
			buildSettings = {
				COMBINE_HIDPI_IMAGES = YES;
				INFOPLIST_FILE = "FDKeychain Tests/Supporting Files/Info.plist";
				LD_RUNPATH_SEARCH_PATHS = "$(inherited) @executable_path/Frameworks @loader_path/Frameworks";
				MACOSX_DEPLOYMENT_TARGET = 10.9;
				PRODUCT_BUNDLE_IDENTIFIER = com.1414degrees.keychain.osx.tests;
				PRODUCT_NAME = "$(TARGET_NAME)";
				SDKROOT = macosx;
			};
			name = Debug;
		};
		2737F46D1BA4C22600A4BF30 /* Release */ = {
			isa = XCBuildConfiguration;
			buildSettings = {
				COMBINE_HIDPI_IMAGES = YES;
				INFOPLIST_FILE = "FDKeychain Tests/Supporting Files/Info.plist";
				LD_RUNPATH_SEARCH_PATHS = "$(inherited) @executable_path/Frameworks @loader_path/Frameworks";
				MACOSX_DEPLOYMENT_TARGET = 10.9;
				PRODUCT_BUNDLE_IDENTIFIER = com.1414degrees.keychain.osx.tests;
				PRODUCT_NAME = "$(TARGET_NAME)";
				SDKROOT = macosx;
			};
			name = Release;
		};
		2739254B19B662790045EA4B /* Debug */ = {
			isa = XCBuildConfiguration;
			buildSettings = {
				COMBINE_HIDPI_IMAGES = YES;
				CURRENT_PROJECT_VERSION = 1;
				DEFINES_MODULE = YES;
				DYLIB_COMPATIBILITY_VERSION = 1;
				DYLIB_CURRENT_VERSION = 1;
				DYLIB_INSTALL_NAME_BASE = "@rpath";
				FRAMEWORK_VERSION = A;
				INFOPLIST_FILE = "OS X Supporting Files/Info.plist";
				LD_RUNPATH_SEARCH_PATHS = "$(inherited) @executable_path/../Frameworks @loader_path/Frameworks";
				MACOSX_DEPLOYMENT_TARGET = 10.9;
				SDKROOT = macosx;
				SKIP_INSTALL = YES;
				VERSIONING_SYSTEM = "apple-generic";
				VERSION_INFO_SUFFIX = "";
			};
			name = Debug;
		};
		2739254C19B662790045EA4B /* Release */ = {
			isa = XCBuildConfiguration;
			buildSettings = {
				COMBINE_HIDPI_IMAGES = YES;
				CURRENT_PROJECT_VERSION = 1;
				DEBUG_INFORMATION_FORMAT = "dwarf-with-dsym";
				DEFINES_MODULE = YES;
				DYLIB_COMPATIBILITY_VERSION = 1;
				DYLIB_CURRENT_VERSION = 1;
				DYLIB_INSTALL_NAME_BASE = "@rpath";
				FRAMEWORK_VERSION = A;
				INFOPLIST_FILE = "OS X Supporting Files/Info.plist";
				LD_RUNPATH_SEARCH_PATHS = "$(inherited) @executable_path/../Frameworks @loader_path/Frameworks";
				MACOSX_DEPLOYMENT_TARGET = 10.9;
				SDKROOT = macosx;
				SKIP_INSTALL = YES;
				VERSIONING_SYSTEM = "apple-generic";
				VERSION_INFO_SUFFIX = "";
			};
			name = Release;
		};
		276FF8A11CE9171C00C4CFDE /* Debug */ = {
			isa = XCBuildConfiguration;
			buildSettings = {
				CLANG_ANALYZER_NONNULL = YES;
				CLANG_CXX_LANGUAGE_STANDARD = "gnu++0x";
				CLANG_CXX_LIBRARY = "libc++";
				"CODE_SIGN_IDENTITY[sdk=appletvos*]" = "iPhone Developer";
				CURRENT_PROJECT_VERSION = 1;
				DEFINES_MODULE = YES;
				DYLIB_COMPATIBILITY_VERSION = 1;
				DYLIB_CURRENT_VERSION = 1;
				DYLIB_INSTALL_NAME_BASE = "@rpath";
				GCC_C_LANGUAGE_STANDARD = gnu99;
				GCC_NO_COMMON_BLOCKS = YES;
				GCC_PREPROCESSOR_DEFINITIONS = (
					"DEBUG=1",
					"$(inherited)",
				);
				INFOPLIST_FILE = "tvOS Supporting Files/Info.plist";
				LD_RUNPATH_SEARCH_PATHS = "$(inherited) @executable_path/Frameworks @loader_path/Frameworks";
				MTL_ENABLE_DEBUG_INFO = YES;
				SDKROOT = appletvos;
				SKIP_INSTALL = YES;
				TARGETED_DEVICE_FAMILY = 3;
				TVOS_DEPLOYMENT_TARGET = 9.0;
				VERSIONING_SYSTEM = "apple-generic";
				VERSION_INFO_PREFIX = "";
			};
			name = Debug;
		};
		276FF8A21CE9171C00C4CFDE /* Release */ = {
			isa = XCBuildConfiguration;
			buildSettings = {
				CLANG_ANALYZER_NONNULL = YES;
				CLANG_CXX_LANGUAGE_STANDARD = "gnu++0x";
				CLANG_CXX_LIBRARY = "libc++";
				"CODE_SIGN_IDENTITY[sdk=appletvos*]" = "iPhone Distribution";
				CURRENT_PROJECT_VERSION = 1;
				DEFINES_MODULE = YES;
				DYLIB_COMPATIBILITY_VERSION = 1;
				DYLIB_CURRENT_VERSION = 1;
				DYLIB_INSTALL_NAME_BASE = "@rpath";
				GCC_C_LANGUAGE_STANDARD = gnu99;
				GCC_NO_COMMON_BLOCKS = YES;
				INFOPLIST_FILE = "tvOS Supporting Files/Info.plist";
				LD_RUNPATH_SEARCH_PATHS = "$(inherited) @executable_path/Frameworks @loader_path/Frameworks";
				MTL_ENABLE_DEBUG_INFO = NO;
				SDKROOT = appletvos;
				SKIP_INSTALL = YES;
				TARGETED_DEVICE_FAMILY = 3;
				TVOS_DEPLOYMENT_TARGET = 9.0;
				VERSIONING_SYSTEM = "apple-generic";
				VERSION_INFO_PREFIX = "";
			};
			name = Release;
		};
		276FF8A31CE9171C00C4CFDE /* Debug */ = {
			isa = XCBuildConfiguration;
			buildSettings = {
				INFOPLIST_FILE = "FDKeychain Tests/Supporting Files/Info.plist";
				LD_RUNPATH_SEARCH_PATHS = "$(inherited) @executable_path/Frameworks @loader_path/Frameworks";
				PRODUCT_BUNDLE_IDENTIFIER = com.1414degrees.keychain.tvos.tests;
				PRODUCT_NAME = "FDKeychain tvOS Tests";
				SDKROOT = appletvos;
				TVOS_DEPLOYMENT_TARGET = 9.2;
			};
			name = Debug;
		};
		276FF8A41CE9171C00C4CFDE /* Release */ = {
			isa = XCBuildConfiguration;
			buildSettings = {
				INFOPLIST_FILE = "FDKeychain Tests/Supporting Files/Info.plist";
				LD_RUNPATH_SEARCH_PATHS = "$(inherited) @executable_path/Frameworks @loader_path/Frameworks";
				PRODUCT_BUNDLE_IDENTIFIER = com.1414degrees.keychain.tvos.tests;
				PRODUCT_NAME = "FDKeychain tvOS Tests";
				SDKROOT = appletvos;
				TVOS_DEPLOYMENT_TARGET = 9.2;
			};
			name = Release;
		};
		27F5118516AF1FEE00B05F89 /* Debug */ = {
			isa = XCBuildConfiguration;
			buildSettings = {
				ALWAYS_SEARCH_USER_PATHS = NO;
				CLANG_ENABLE_MODULES = YES;
				CLANG_ENABLE_OBJC_ARC = YES;
				CLANG_WARN_BOOL_CONVERSION = YES;
				CLANG_WARN_CONSTANT_CONVERSION = YES;
				CLANG_WARN_DIRECT_OBJC_ISA_USAGE = YES_ERROR;
				CLANG_WARN_EMPTY_BODY = YES;
				CLANG_WARN_ENUM_CONVERSION = YES;
				CLANG_WARN_INT_CONVERSION = YES;
				CLANG_WARN_OBJC_ROOT_CLASS = YES_ERROR;
				CLANG_WARN_UNREACHABLE_CODE = YES;
				CLANG_WARN__DUPLICATE_METHOD_MATCH = YES;
				COPY_PHASE_STRIP = NO;
				ENABLE_STRICT_OBJC_MSGSEND = YES;
				ENABLE_TESTABILITY = YES;
				GCC_DYNAMIC_NO_PIC = NO;
				GCC_OPTIMIZATION_LEVEL = 0;
				GCC_PREPROCESSOR_DEFINITIONS = DEBUG;
				GCC_SYMBOLS_PRIVATE_EXTERN = NO;
				GCC_WARN_64_TO_32_BIT_CONVERSION = YES;
				GCC_WARN_ABOUT_RETURN_TYPE = YES_ERROR;
				GCC_WARN_UNDECLARED_SELECTOR = YES;
				GCC_WARN_UNINITIALIZED_AUTOS = YES_AGGRESSIVE;
				GCC_WARN_UNUSED_FUNCTION = YES;
				GCC_WARN_UNUSED_VARIABLE = YES;
				ONLY_ACTIVE_ARCH = YES;
				PRODUCT_BUNDLE_IDENTIFIER = com.1414degrees.keychain;
				PRODUCT_NAME = FDKeychain;
			};
			name = Debug;
		};
		27F5118616AF1FEE00B05F89 /* Release */ = {
			isa = XCBuildConfiguration;
			buildSettings = {
				ALWAYS_SEARCH_USER_PATHS = NO;
				CLANG_ENABLE_MODULES = YES;
				CLANG_ENABLE_OBJC_ARC = YES;
				CLANG_WARN_BOOL_CONVERSION = YES;
				CLANG_WARN_CONSTANT_CONVERSION = YES;
				CLANG_WARN_DIRECT_OBJC_ISA_USAGE = YES_ERROR;
				CLANG_WARN_EMPTY_BODY = YES;
				CLANG_WARN_ENUM_CONVERSION = YES;
				CLANG_WARN_INT_CONVERSION = YES;
				CLANG_WARN_OBJC_ROOT_CLASS = YES_ERROR;
				CLANG_WARN_UNREACHABLE_CODE = YES;
				CLANG_WARN__DUPLICATE_METHOD_MATCH = YES;
				COPY_PHASE_STRIP = YES;
				ENABLE_NS_ASSERTIONS = NO;
				ENABLE_STRICT_OBJC_MSGSEND = YES;
				GCC_WARN_64_TO_32_BIT_CONVERSION = YES;
				GCC_WARN_ABOUT_RETURN_TYPE = YES_ERROR;
				GCC_WARN_UNDECLARED_SELECTOR = YES;
				GCC_WARN_UNINITIALIZED_AUTOS = YES_AGGRESSIVE;
				GCC_WARN_UNUSED_FUNCTION = YES;
				GCC_WARN_UNUSED_VARIABLE = YES;
				PRODUCT_BUNDLE_IDENTIFIER = com.1414degrees.keychain;
				PRODUCT_NAME = FDKeychain;
				VALIDATE_PRODUCT = YES;
			};
			name = Release;
		};
		27FCB41D19C212D700BB1123 /* Debug */ = {
			isa = XCBuildConfiguration;
			buildSettings = {
				"CODE_SIGN_IDENTITY[sdk=iphoneos*]" = "iPhone Developer";
				CURRENT_PROJECT_VERSION = 1;
				DEFINES_MODULE = YES;
				DYLIB_COMPATIBILITY_VERSION = 1;
				DYLIB_CURRENT_VERSION = 1;
				DYLIB_INSTALL_NAME_BASE = "@rpath";
				INFOPLIST_FILE = "iOS Supporting Files/Info.plist";
				IPHONEOS_DEPLOYMENT_TARGET = 8.0;
				LD_RUNPATH_SEARCH_PATHS = "$(inherited) @executable_path/Frameworks @loader_path/Frameworks";
				SDKROOT = iphoneos;
				SKIP_INSTALL = YES;
				TARGETED_DEVICE_FAMILY = "1,2";
				VERSIONING_SYSTEM = "apple-generic";
				VERSION_INFO_PREFIX = "";
			};
			name = Debug;
		};
		27FCB41E19C212D700BB1123 /* Release */ = {
			isa = XCBuildConfiguration;
			buildSettings = {
				"CODE_SIGN_IDENTITY[sdk=iphoneos*]" = "iPhone Distribution";
				CURRENT_PROJECT_VERSION = 1;
				DEFINES_MODULE = YES;
				DYLIB_COMPATIBILITY_VERSION = 1;
				DYLIB_CURRENT_VERSION = 1;
				DYLIB_INSTALL_NAME_BASE = "@rpath";
				INFOPLIST_FILE = "iOS Supporting Files/Info.plist";
				IPHONEOS_DEPLOYMENT_TARGET = 8.0;
				LD_RUNPATH_SEARCH_PATHS = "$(inherited) @executable_path/Frameworks @loader_path/Frameworks";
				SDKROOT = iphoneos;
				SKIP_INSTALL = YES;
				TARGETED_DEVICE_FAMILY = "1,2";
				VERSIONING_SYSTEM = "apple-generic";
				VERSION_INFO_PREFIX = "";
			};
			name = Release;
		};
/* End XCBuildConfiguration section */

/* Begin XCConfigurationList section */
		2737F4491BA4C17E00A4BF30 /* Build configuration list for PBXNativeTarget "FDKeychain watchOS" */ = {
			isa = XCConfigurationList;
			buildConfigurations = (
				2737F44A1BA4C17E00A4BF30 /* Debug */,
				2737F44B1BA4C17E00A4BF30 /* Release */,
			);
			defaultConfigurationIsVisible = 0;
			defaultConfigurationName = Release;
		};
		2737F45C1BA4C21F00A4BF30 /* Build configuration list for PBXNativeTarget "FDKeychain iOS Tests" */ = {
			isa = XCConfigurationList;
			buildConfigurations = (
				2737F45D1BA4C21F00A4BF30 /* Debug */,
				2737F45E1BA4C21F00A4BF30 /* Release */,
			);
			defaultConfigurationIsVisible = 0;
			defaultConfigurationName = Release;
		};
		2737F46B1BA4C22600A4BF30 /* Build configuration list for PBXNativeTarget "FDKeychain OS X Tests" */ = {
			isa = XCConfigurationList;
			buildConfigurations = (
				2737F46C1BA4C22600A4BF30 /* Debug */,
				2737F46D1BA4C22600A4BF30 /* Release */,
			);
			defaultConfigurationIsVisible = 0;
			defaultConfigurationName = Release;
		};
		2739254F19B662790045EA4B /* Build configuration list for PBXNativeTarget "FDKeychain OS X" */ = {
			isa = XCConfigurationList;
			buildConfigurations = (
				2739254B19B662790045EA4B /* Debug */,
				2739254C19B662790045EA4B /* Release */,
			);
			defaultConfigurationIsVisible = 0;
			defaultConfigurationName = Release;
		};
		276FF8A51CE9171C00C4CFDE /* Build configuration list for PBXNativeTarget "FDKeychain tvOS" */ = {
			isa = XCConfigurationList;
			buildConfigurations = (
				276FF8A11CE9171C00C4CFDE /* Debug */,
				276FF8A21CE9171C00C4CFDE /* Release */,
			);
			defaultConfigurationIsVisible = 0;
			defaultConfigurationName = Release;
		};
		276FF8A61CE9171C00C4CFDE /* Build configuration list for PBXNativeTarget "FDKeychain tvOS Tests" */ = {
			isa = XCConfigurationList;
			buildConfigurations = (
				276FF8A31CE9171C00C4CFDE /* Debug */,
				276FF8A41CE9171C00C4CFDE /* Release */,
			);
			defaultConfigurationIsVisible = 0;
			defaultConfigurationName = Release;
		};
		27F5117316AF1FEE00B05F89 /* Build configuration list for PBXProject "FDKeychain" */ = {
			isa = XCConfigurationList;
			buildConfigurations = (
				27F5118516AF1FEE00B05F89 /* Debug */,
				27F5118616AF1FEE00B05F89 /* Release */,
			);
			defaultConfigurationIsVisible = 0;
			defaultConfigurationName = Release;
		};
		27FCB41C19C212D700BB1123 /* Build configuration list for PBXNativeTarget "FDKeychain iOS" */ = {
			isa = XCConfigurationList;
			buildConfigurations = (
				27FCB41D19C212D700BB1123 /* Debug */,
				27FCB41E19C212D700BB1123 /* Release */,
			);
			defaultConfigurationIsVisible = 0;
			defaultConfigurationName = Release;
		};
/* End XCConfigurationList section */
	};
	rootObject = 27F5117016AF1FEE00B05F89 /* Project object */;
}
